
Microsoft Visual Studio Solution File, Format Version 12.00
# Visual Studio Version 16
VisualStudioVersion = 16.0.30413.136
MinimumVisualStudioVersion = 10.0.40219.1
Project("{FAE04EC0-301F-11D3-BF4B-00C04F79EFBC}") = "HF_9_4_Binary(De)Serialization", "HF_9_4_Binary(De)Serialization.csproj", "{862CFA4F-4596-46FF-A21F-C75D86F8B421}"
EndProject
Global
	GlobalSection(SolutionConfigurationPlatforms) = preSolution
		Debug|Any CPU = Debug|Any CPU
		Release|Any CPU = Release|Any CPU
	EndGlobalSection
	GlobalSection(ProjectConfigurationPlatforms) = postSolution
		{862CFA4F-4596-46FF-A21F-C75D86F8B421}.Debug|Any CPU.ActiveCfg = Debug|Any CPU
		{862CFA4F-4596-46FF-A21F-C75D86F8B421}.Debug|Any CPU.Build.0 = Debug|Any CPU
		{862CFA4F-4596-46FF-A21F-C75D86F8B421}.Release|Any CPU.ActiveCfg = Release|Any CPU
		{862CFA4F-4596-46FF-A21F-C75D86F8B421}.Release|Any CPU.Build.0 = Release|Any CPU
	EndGlobalSection
	GlobalSection(SolutionProperties) = preSolution
		HideSolutionNode = FALSE
	EndGlobalSection
	GlobalSection(ExtensibilityGlobals) = postSolution
		SolutionGuid = {BA4ADA72-28A0-4A2B-A419-A30F54108FC8}
	EndGlobalSection
EndGlobal
